{
  "name": "@cofn/test-lib",
  "version": "1.0.0",
  "lockfileVersion": 3,
  "requires": true,
  "packages": {
    "": {
      "name": "@cofn/test-lib",
      "version": "1.0.0",
      "dependencies": {
        "zora": "^5.2.0",
        "zora-reporters": "^1.4.0"
      }
    },
    "node_modules/arg": {
      "version": "5.0.2",
      "resolved": "https://registry.npmjs.org/arg/-/arg-5.0.2.tgz",
      "integrity": "sha512-PYjyFOLKQ9y57JvQ6QLo8dAgNqswh8M1RMJYdQduT6xbWSgK36P/Z/v+p888pM69jMMfS8Xd8F6I1kQ/I9HUGg==",
      "license": "MIT"
    },
    "node_modules/colorette": {
      "version": "2.0.17",
      "resolved": "https://registry.npmjs.org/colorette/-/colorette-2.0.17.tgz",
      "integrity": "sha512-hJo+3Bkn0NCHybn9Tu35fIeoOKGOk5OCC32y4Hz2It+qlCO2Q3DeQ1hRn/tDDMQKRYUEzqsl7jbF6dYKjlE60g==",
      "license": "MIT"
    },
    "node_modules/diff": {
      "version": "5.1.0",
      "resolved": "https://registry.npmjs.org/diff/-/diff-5.1.0.tgz",
      "integrity": "sha512-D+mk+qE8VC/PAUrlAU34N+VfXev0ghe5ywmpqrawphmVZc1bEfn56uo9qpyGp1p4xpzOHkSW4ztBd6L7Xx4ACw==",
      "license": "BSD-3-Clause",
      "engines": {
        "node": ">=0.3.1"
      }
    },
    "node_modules/zora": {
      "version": "5.2.0",
      "resolved": "https://registry.npmjs.org/zora/-/zora-5.2.0.tgz",
      "integrity": "sha512-FSZOvfJVfMWhk/poictNsDBCXq/Z+2Zu2peWs6d8OhWWb9nY++czw95D47hdw06L/kfjasLevwrbUtnXyWLAJw==",
      "license": "MIT"
    },
    "node_modules/zora-reporters": {
      "version": "1.4.0",
      "resolved": "https://registry.npmjs.org/zora-reporters/-/zora-reporters-1.4.0.tgz",
      "integrity": "sha512-RZy2zb/aT8YKUztELGjFWMb39LduCEB4SHoAH4w2HBWKE53V0lU385AAK2q097P7D5cdMLGJIYXpykxUdoyyig==",
      "license": "MIT",
      "dependencies": {
        "arg": "~5.0.2",
        "colorette": "2.0.17",
        "diff": "~5.1.0"
      },
      "bin": {
        "zr": "src/bin.js"
      }
    }
  }
}
